
Microsoft Visual Studio Solution File, Format Version 12.00
# Visual Studio Version 17
VisualStudioVersion = 17.4.32804.182
MinimumVisualStudioVersion = 10.0.40219.1
Project("{FAE04EC0-301F-11D3-BF4B-00C04F79EFBC}") = "10_String", "ARI_2022_08_24\10_String.csproj", "{A0521AE3-01C7-46EC-AAB4-F70C65F56414}"
EndProject
Project("{FAE04EC0-301F-11D3-BF4B-00C04F79EFBC}") = "20_FileIO", "20_FileIO\20_FileIO.csproj", "{D9D960DE-848D-4B9A-9BC1-9407B09C39F1}"
EndProject
Project("{FAE04EC0-301F-11D3-BF4B-00C04F79EFBC}") = "30_Editor", "30_Editor\30_Editor.csproj", "{884ED18A-A5E3-4A76-8009-988824AAA3DD}"
EndProject
Global
	GlobalSection(SolutionConfigurationPlatforms) = preSolution
		Debug|Any CPU = Debug|Any CPU
		Release|Any CPU = Release|Any CPU
	EndGlobalSection
	GlobalSection(ProjectConfigurationPlatforms) = postSolution
		{A0521AE3-01C7-46EC-AAB4-F70C65F56414}.Debug|Any CPU.ActiveCfg = Debug|Any CPU
		{A0521AE3-01C7-46EC-AAB4-F70C65F56414}.Debug|Any CPU.Build.0 = Debug|Any CPU
		{A0521AE3-01C7-46EC-AAB4-F70C65F56414}.Release|Any CPU.ActiveCfg = Release|Any CPU
		{A0521AE3-01C7-46EC-AAB4-F70C65F56414}.Release|Any CPU.Build.0 = Release|Any CPU
		{D9D960DE-848D-4B9A-9BC1-9407B09C39F1}.Debug|Any CPU.ActiveCfg = Debug|Any CPU
		{D9D960DE-848D-4B9A-9BC1-9407B09C39F1}.Debug|Any CPU.Build.0 = Debug|Any CPU
		{D9D960DE-848D-4B9A-9BC1-9407B09C39F1}.Release|Any CPU.ActiveCfg = Release|Any CPU
		{D9D960DE-848D-4B9A-9BC1-9407B09C39F1}.Release|Any CPU.Build.0 = Release|Any CPU
		{884ED18A-A5E3-4A76-8009-988824AAA3DD}.Debug|Any CPU.ActiveCfg = Debug|Any CPU
		{884ED18A-A5E3-4A76-8009-988824AAA3DD}.Debug|Any CPU.Build.0 = Debug|Any CPU
		{884ED18A-A5E3-4A76-8009-988824AAA3DD}.Release|Any CPU.ActiveCfg = Release|Any CPU
		{884ED18A-A5E3-4A76-8009-988824AAA3DD}.Release|Any CPU.Build.0 = Release|Any CPU
	EndGlobalSection
	GlobalSection(SolutionProperties) = preSolution
		HideSolutionNode = FALSE
	EndGlobalSection
	GlobalSection(ExtensibilityGlobals) = postSolution
		SolutionGuid = {EB13EA79-33AD-4C5B-B751-E93BFA0D327F}
	EndGlobalSection
EndGlobal
